{
  "requires": true,
  "lockfileVersion": 1,
  "dependencies": {
    "csv": {
      "version": "6.3.9",
      "resolved": "https://registry.npmjs.org/csv/-/csv-6.3.9.tgz",
      "integrity": "sha512-eiN+Qu8NwSLxZYia6WzB8xlX/rAQ/8EgK5A4dIF7Bz96mzcr5dW1jlcNmjG0QWySWKfPdCerH3RQ96ZqqsE8cA==",
      "requires": {
        "csv-generate": "^4.4.1",
        "csv-parse": "^5.5.6",
        "csv-stringify": "^6.5.0",
        "stream-transform": "^3.3.2"
      }
    },
    "csv-generate": {
      "version": "4.4.1",
      "resolved": "https://registry.npmjs.org/csv-generate/-/csv-generate-4.4.1.tgz",
      "integrity": "sha512-O/einO0v4zPmXaOV+sYqGa02VkST4GP5GLpWBNHEouIU7pF3kpGf3D0kCCvX82ydIY4EKkOK+R8b1BYsRXravg=="
    },
    "csv-parse": {
      "version": "5.5.6",
      "resolved": "https://registry.npmjs.org/csv-parse/-/csv-parse-5.5.6.tgz",
      "integrity": "sha512-uNpm30m/AGSkLxxy7d9yRXpJQFrZzVWLFBkS+6ngPcZkw/5k3L/jjFuj7tVnEpRn+QgmiXr21nDlhCiUK4ij2A=="
    },
    "csv-stringify": {
      "version": "6.5.0",
      "resolved": "https://registry.npmjs.org/csv-stringify/-/csv-stringify-6.5.0.tgz",
      "integrity": "sha512-edlXFVKcUx7r8Vx5zQucsuMg4wb/xT6qyz+Sr1vnLrdXqlLD1+UKyWNyZ9zn6mUW1ewmGxrpVwAcChGF0HQ/2Q=="
    },
    "stream-transform": {
      "version": "3.3.2",
      "resolved": "https://registry.npmjs.org/stream-transform/-/stream-transform-3.3.2.tgz",
      "integrity": "sha512-v64PUnPy9Qw94NGuaEMo+9RHQe4jTBYf+NkTtqkCgeuiNo8NlL0LtLR7fkKWNVFtp3RhIm5Dlxkgm5uz7TDimQ=="
    }
  }
}
